// !$*UTF8*$!
{
	archiveVersion = 1;
	classes = {
	};
	objectVersion = 77;
	objects = {

/* Begin PBXContainerItemProxy section */
		11BF9E472D73A4C800CBDC8F /* PBXContainerItemProxy */ = {
			isa = PBXContainerItemProxy;
			containerPortal = 11BF9E2E2D73A4C500CBDC8F /* Project object */;
			proxyType = 1;
			remoteGlobalIDString = 11BF9E352D73A4C600CBDC8F;
			remoteInfo = NutriSnap;
		};
		11BF9E512D73A4C800CBDC8F /* PBXContainerItemProxy */ = {
			isa = PBXContainerItemProxy;
			containerPortal = 11BF9E2E2D73A4C500CBDC8F /* Project object */;
			proxyType = 1;
			remoteGlobalIDString = 11BF9E352D73A4C600CBDC8F;
			remoteInfo = NutriSnap;
		};
/* End PBXContainerItemProxy section */

/* Begin PBXFileReference section */
		11BF9E362D73A4C600CBDC8F /* NutriSnap.app */ = {isa = PBXFileReference; explicitFileType = wrapper.application; includeInIndex = 0; path = NutriSnap.app; sourceTree = BUILT_PRODUCTS_DIR; };
		11BF9E462D73A4C800CBDC8F /* NutriSnapTests.xctest */ = {isa = PBXFileReference; explicitFileType = wrapper.cfbundle; includeInIndex = 0; path = NutriSnapTests.xctest; sourceTree = BUILT_PRODUCTS_DIR; };
		11BF9E502D73A4C800CBDC8F /* NutriSnapUITests.xctest */ = {isa = PBXFileReference; explicitFileType = wrapper.cfbundle; includeInIndex = 0; path = NutriSnapUITests.xctest; sourceTree = BUILT_PRODUCTS_DIR; };
/* End PBXFileReference section */

/* Begin PBXFileSystemSynchronizedRootGroup section */
		11BF9E382D73A4C600CBDC8F /* NutriSnap */ = {
			isa = PBXFileSystemSynchronizedRootGroup;
			path = NutriSnap;
			sourceTree = "<group>";
		};
		11BF9E492D73A4C800CBDC8F /* NutriSnapTests */ = {
			isa = PBXFileSystemSynchronizedRootGroup;
			path = NutriSnapTests;
			sourceTree = "<group>";
		};
		11BF9E532D73A4C800CBDC8F /* NutriSnapUITests */ = {
			isa = PBXFileSystemSynchronizedRootGroup;
			path = NutriSnapUITests;
			sourceTree = "<group>";
		};
/* End PBXFileSystemSynchronizedRootGroup section */

/* Begin PBXFrameworksBuildPhase section */
		11BF9E332D73A4C600CBDC8F /* Frameworks */ = {
			isa = PBXFrameworksBuildPhase;
			buildActionMask = 2147483647;
			files = (
			);
			runOnlyForDeploymentPostprocessing = 0;
		};
		11BF9E432D73A4C800CBDC8F /* Frameworks */ = {
			isa = PBXFrameworksBuildPhase;
			buildActionMask = 2147483647;
			files = (
			);
			runOnlyForDeploymentPostprocessing = 0;
		};
		11BF9E4D2D73A4C800CBDC8F /* Frameworks */ = {
			isa = PBXFrameworksBuildPhase;
			buildActionMask = 2147483647;
			files = (
			);
			runOnlyForDeploymentPostprocessing = 0;
		};
/* End PBXFrameworksBuildPhase section */

/* Begin PBXGroup section */
		11BF9E2D2D73A4C500CBDC8F = {
			isa = PBXGroup;
			children = (
				11BF9E382D73A4C600CBDC8F /* NutriSnap */,
				11BF9E492D73A4C800CBDC8F /* NutriSnapTests */,
				11BF9E532D73A4C800CBDC8F /* NutriSnapUITests */,
				11BF9E372D73A4C600CBDC8F /* Products */,
			);
			sourceTree = "<group>";
		};
		11BF9E372D73A4C600CBDC8F /* Products */ = {
			isa = PBXGroup;
			children = (
				11BF9E362D73A4C600CBDC8F /* NutriSnap.app */,
				11BF9E462D73A4C800CBDC8F /* NutriSnapTests.xctest */,
				11BF9E502D73A4C800CBDC8F /* NutriSnapUITests.xctest */,
			);
			name = Products;
			sourceTree = "<group>";
		};
/* End PBXGroup section */

/* Begin PBXNativeTarget section */
		11BF9E352D73A4C600CBDC8F /* NutriSnap */ = {
			isa = PBXNativeTarget;
			buildConfigurationList = 11BF9E5A2D73A4C800CBDC8F /* Build configuration list for PBXNativeTarget "NutriSnap" */;
			buildPhases = (
				11BF9E322D73A4C600CBDC8F /* Sources */,
				11BF9E332D73A4C600CBDC8F /* Frameworks */,
				11BF9E342D73A4C600CBDC8F /* Resources */,
			);
			buildRules = (
			);
			dependencies = (
			);
			fileSystemSynchronizedGroups = (
				11BF9E382D73A4C600CBDC8F /* NutriSnap */,
			);
			name = NutriSnap;
			packageProductDependencies = (
			);
			productName = NutriSnap;
			productReference = 11BF9E362D73A4C600CBDC8F /* NutriSnap.app */;
			productType = "com.apple.product-type.application";
		};
		11BF9E452D73A4C800CBDC8F /* NutriSnapTests */ = {
			isa = PBXNativeTarget;
			buildConfigurationList = 11BF9E5D2D73A4C800CBDC8F /* Build configuration list for PBXNativeTarget "NutriSnapTests" */;
			buildPhases = (
				11BF9E422D73A4C800CBDC8F /* Sources */,
				11BF9E432D73A4C800CBDC8F /* Frameworks */,
				11BF9E442D73A4C800CBDC8F /* Resources */,
			);
			buildRules = (
			);
			dependencies = (
				11BF9E482D73A4C800CBDC8F /* PBXTargetDependency */,
			);
			fileSystemSynchronizedGroups = (
				11BF9E492D73A4C800CBDC8F /* NutriSnapTests */,
			);
			name = NutriSnapTests;
			packageProductDependencies = (
			);
			productName = NutriSnapTests;
			productReference = 11BF9E462D73A4C800CBDC8F /* NutriSnapTests.xctest */;
			productType = "com.apple.product-type.bundle.unit-test";
		};
		11BF9E4F2D73A4C800CBDC8F /* NutriSnapUITests */ = {
			isa = PBXNativeTarget;
			buildConfigurationList = 11BF9E602D73A4C800CBDC8F /* Build configuration list for PBXNativeTarget "NutriSnapUITests" */;
			buildPhases = (
				11BF9E4C2D73A4C800CBDC8F /* Sources */,
				11BF9E4D2D73A4C800CBDC8F /* Frameworks */,
				11BF9E4E2D73A4C800CBDC8F /* Resources */,
			);
			buildRules = (
			);
			dependencies = (
				11BF9E522D73A4C800CBDC8F /* PBXTargetDependency */,
			);
			fileSystemSynchronizedGroups = (
				11BF9E532D73A4C800CBDC8F /* NutriSnapUITests */,
			);
			name = NutriSnapUITests;
			packageProductDependencies = (
			);
			productName = NutriSnapUITests;
			productReference = 11BF9E502D73A4C800CBDC8F /* NutriSnapUITests.xctest */;
			productType = "com.apple.product-type.bundle.ui-testing";
		};
/* End PBXNativeTarget section */

/* Begin PBXProject section */
		11BF9E2E2D73A4C500CBDC8F /* Project object */ = {
			isa = PBXProject;
			attributes = {
				BuildIndependentTargetsInParallel = 1;
				LastSwiftUpdateCheck = 1620;
				LastUpgradeCheck = 1620;
				TargetAttributes = {
					11BF9E352D73A4C600CBDC8F = {
						CreatedOnToolsVersion = 16.2;
					};
					11BF9E452D73A4C800CBDC8F = {
						CreatedOnToolsVersion = 16.2;
						TestTargetID = 11BF9E352D73A4C600CBDC8F;
					};
					11BF9E4F2D73A4C800CBDC8F = {
						CreatedOnToolsVersion = 16.2;
						TestTargetID = 11BF9E352D73A4C600CBDC8F;
					};
				};
			};
			buildConfigurationList = 11BF9E312D73A4C500CBDC8F /* Build configuration list for PBXProject "NutriSnap" */;
			developmentRegion = en;
			hasScannedForEncodings = 0;
			knownRegions = (
				en,
				Base,
			);
			mainGroup = 11BF9E2D2D73A4C500CBDC8F;
			minimizedProjectReferenceProxies = 1;
			preferredProjectObjectVersion = 77;
			productRefGroup = 11BF9E372D73A4C600CBDC8F /* Products */;
			projectDirPath = "";
			projectRoot = "";
			targets = (
				11BF9E352D73A4C600CBDC8F /* NutriSnap */,
				11BF9E452D73A4C800CBDC8F /* NutriSnapTests */,
				11BF9E4F2D73A4C800CBDC8F /* NutriSnapUITests */,
			);
		};
/* End PBXProject section */

/* Begin PBXResourcesBuildPhase section */
		11BF9E342D73A4C600CBDC8F /* Resources */ = {
			isa = PBXResourcesBuildPhase;
			buildActionMask = 2147483647;
			files = (
			);
			runOnlyForDeploymentPostprocessing = 0;
		};
		11BF9E442D73A4C800CBDC8F /* Resources */ = {
			isa = PBXResourcesBuildPhase;
			buildActionMask = 2147483647;
			files = (
			);
			runOnlyForDeploymentPostprocessing = 0;
		};
		11BF9E4E2D73A4C800CBDC8F /* Resources */ = {
			isa = PBXResourcesBuildPhase;
			buildActionMask = 2147483647;
			files = (
			);
			runOnlyForDeploymentPostprocessing = 0;
		};
/* End PBXResourcesBuildPhase section */

/* Begin PBXSourcesBuildPhase section */
		11BF9E322D73A4C600CBDC8F /* Sources */ = {
			isa = PBXSourcesBuildPhase;
			buildActionMask = 2147483647;
			files = (
			);
			runOnlyForDeploymentPostprocessing = 0;
		};
		11BF9E422D73A4C800CBDC8F /* Sources */ = {
			isa = PBXSourcesBuildPhase;
			buildActionMask = 2147483647;
			files = (
			);
			runOnlyForDeploymentPostprocessing = 0;
		};
		11BF9E4C2D73A4C800CBDC8F /* Sources */ = {
			isa = PBXSourcesBuildPhase;
			buildActionMask = 2147483647;
			files = (
			);
			runOnlyForDeploymentPostprocessing = 0;
		};
/* End PBXSourcesBuildPhase section */

/* Begin PBXTargetDependency section */
		11BF9E482D73A4C800CBDC8F /* PBXTargetDependency */ = {
			isa = PBXTargetDependency;
			target = 11BF9E352D73A4C600CBDC8F /* NutriSnap */;
			targetProxy = 11BF9E472D73A4C800CBDC8F /* PBXContainerItemProxy */;
		};
		11BF9E522D73A4C800CBDC8F /* PBXTargetDependency */ = {
			isa = PBXTargetDependency;
			target = 11BF9E352D73A4C600CBDC8F /* NutriSnap */;
			targetProxy = 11BF9E512D73A4C800CBDC8F /* PBXContainerItemProxy */;
		};
/* End PBXTargetDependency section */

/* Begin XCBuildConfiguration section */
		11BF9E582D73A4C800CBDC8F /* Debug */ = {
			isa = XCBuildConfiguration;
			buildSettings = {
				ALWAYS_SEARCH_USER_PATHS = NO;
				ASSETCATALOG_COMPILER_GENERATE_SWIFT_ASSET_SYMBOL_EXTENSIONS = YES;
				CLANG_ANALYZER_NONNULL = YES;
				CLANG_ANALYZER_NUMBER_OBJECT_CONVERSION = YES_AGGRESSIVE;
				CLANG_CXX_LANGUAGE_STANDARD = "gnu++20";
				CLANG_ENABLE_MODULES = YES;
				CLANG_ENABLE_OBJC_ARC = YES;
				CLANG_ENABLE_OBJC_WEAK = YES;
				CLANG_WARN_BLOCK_CAPTURE_AUTORELEASING = YES;
				CLANG_WARN_BOOL_CONVERSION = YES;
				CLANG_WARN_COMMA = YES;
				CLANG_WARN_CONSTANT_CONVERSION = YES;
				CLANG_WARN_DEPRECATED_OBJC_IMPLEMENTATIONS = YES;
				CLANG_WARN_DIRECT_OBJC_ISA_USAGE = YES_ERROR;
				CLANG_WARN_DOCUMENTATION_COMMENTS = YES;
				CLANG_WARN_EMPTY_BODY = YES;
				CLANG_WARN_ENUM_CONVERSION = YES;
				CLANG_WARN_INFINITE_RECURSION = YES;
				CLANG_WARN_INT_CONVERSION = YES;
				CLANG_WARN_NON_LITERAL_NULL_CONVERSION = YES;
				CLANG_WARN_OBJC_IMPLICIT_RETAIN_SELF = YES;
				CLANG_WARN_OBJC_LITERAL_CONVERSION = YES;
				CLANG_WARN_OBJC_ROOT_CLASS = YES_ERROR;
				CLANG_WARN_QUOTED_INCLUDE_IN_FRAMEWORK_HEADER = YES;
				CLANG_WARN_RANGE_LOOP_ANALYSIS = YES;
				CLANG_WARN_STRICT_PROTOTYPES = YES;
				CLANG_WARN_SUSPICIOUS_MOVE = YES;
				CLANG_WARN_UNGUARDED_AVAILABILITY = YES_AGGRESSIVE;
				CLANG_WARN_UNREACHABLE_CODE = YES;
				CLANG_WARN__DUPLICATE_METHOD_MATCH = YES;
				COPY_PHASE_STRIP = NO;
				DEBUG_INFORMATION_FORMAT = dwarf;
				ENABLE_STRICT_OBJC_MSGSEND = YES;
				ENABLE_TESTABILITY = YES;
				ENABLE_USER_SCRIPT_SANDBOXING = YES;
				GCC_C_LANGUAGE_STANDARD = gnu17;
				GCC_DYNAMIC_NO_PIC = NO;
				GCC_NO_COMMON_BLOCKS = YES;
				GCC_OPTIMIZATION_LEVEL = 0;
				GCC_PREPROCESSOR_DEFINITIONS = (
					"DEBUG=1",
					"$(inherited)",
				);
				GCC_WARN_64_TO_32_BIT_CONVERSION = YES;
				GCC_WARN_ABOUT_RETURN_TYPE = YES_ERROR;
				GCC_WARN_UNDECLARED_SELECTOR = YES;
				GCC_WARN_UNINITIALIZED_AUTOS = YES_AGGRESSIVE;
				GCC_WARN_UNUSED_FUNCTION = YES;
				GCC_WARN_UNUSED_VARIABLE = YES;
				IPHONEOS_DEPLOYMENT_TARGET = 18.2;
				LOCALIZATION_PREFERS_STRING_CATALOGS = YES;
				MTL_ENABLE_DEBUG_INFO = INCLUDE_SOURCE;
				MTL_FAST_MATH = YES;
				ONLY_ACTIVE_ARCH = YES;
				SDKROOT = iphoneos;
				SWIFT_ACTIVE_COMPILATION_CONDITIONS = "DEBUG $(inherited)";
				SWIFT_OPTIMIZATION_LEVEL = "-Onone";
			};
			name = Debug;
		};
		11BF9E592D73A4C800CBDC8F /* Release */ = {
			isa = XCBuildConfiguration;
			buildSettings = {
				ALWAYS_SEARCH_USER_PATHS = NO;
				ASSETCATALOG_COMPILER_GENERATE_SWIFT_ASSET_SYMBOL_EXTENSIONS = YES;
				CLANG_ANALYZER_NONNULL = YES;
				CLANG_ANALYZER_NUMBER_OBJECT_CONVERSION = YES_AGGRESSIVE;
				CLANG_CXX_LANGUAGE_STANDARD = "gnu++20";
				CLANG_ENABLE_MODULES = YES;
				CLANG_ENABLE_OBJC_ARC = YES;
				CLANG_ENABLE_OBJC_WEAK = YES;
				CLANG_WARN_BLOCK_CAPTURE_AUTORELEASING = YES;
				CLANG_WARN_BOOL_CONVERSION = YES;
				CLANG_WARN_COMMA = YES;
				CLANG_WARN_CONSTANT_CONVERSION = YES;
				CLANG_WARN_DEPRECATED_OBJC_IMPLEMENTATIONS = YES;
				CLANG_WARN_DIRECT_OBJC_ISA_USAGE = YES_ERROR;
				CLANG_WARN_DOCUMENTATION_COMMENTS = YES;
				CLANG_WARN_EMPTY_BODY = YES;
				CLANG_WARN_ENUM_CONVERSION = YES;
				CLANG_WARN_INFINITE_RECURSION = YES;
				CLANG_WARN_INT_CONVERSION = YES;
				CLANG_WARN_NON_LITERAL_NULL_CONVERSION = YES;
				CLANG_WARN_OBJC_IMPLICIT_RETAIN_SELF = YES;
				CLANG_WARN_OBJC_LITERAL_CONVERSION = YES;
				CLANG_WARN_OBJC_ROOT_CLASS = YES_ERROR;
				CLANG_WARN_QUOTED_INCLUDE_IN_FRAMEWORK_HEADER = YES;
				CLANG_WARN_RANGE_LOOP_ANALYSIS = YES;
				CLANG_WARN_STRICT_PROTOTYPES = YES;
				CLANG_WARN_SUSPICIOUS_MOVE = YES;
				CLANG_WARN_UNGUARDED_AVAILABILITY = YES_AGGRESSIVE;
				CLANG_WARN_UNREACHABLE_CODE = YES;
				CLANG_WARN__DUPLICATE_METHOD_MATCH = YES;
				COPY_PHASE_STRIP = NO;
				DEBUG_INFORMATION_FORMAT = "dwarf-with-dsym";
				ENABLE_NS_ASSERTIONS = NO;
				ENABLE_STRICT_OBJC_MSGSEND = YES;
				ENABLE_USER_SCRIPT_SANDBOXING = YES;
				GCC_C_LANGUAGE_STANDARD = gnu17;
				GCC_NO_COMMON_BLOCKS = YES;
				GCC_WARN_64_TO_32_BIT_CONVERSION = YES;
				GCC_WARN_ABOUT_RETURN_TYPE = YES_ERROR;
				GCC_WARN_UNDECLARED_SELECTOR = YES;
				GCC_WARN_UNINITIALIZED_AUTOS = YES_AGGRESSIVE;
				GCC_WARN_UNUSED_FUNCTION = YES;
				GCC_WARN_UNUSED_VARIABLE = YES;
				IPHONEOS_DEPLOYMENT_TARGET = 18.2;
				LOCALIZATION_PREFERS_STRING_CATALOGS = YES;
				MTL_ENABLE_DEBUG_INFO = NO;
				MTL_FAST_MATH = YES;
				SDKROOT = iphoneos;
				SWIFT_COMPILATION_MODE = wholemodule;
				VALIDATE_PRODUCT = YES;
			};
			name = Release;
		};
		11BF9E5B2D73A4C800CBDC8F /* Debug */ = {
			isa = XCBuildConfiguration;
			buildSettings = {
				ASSETCATALOG_COMPILER_APPICON_NAME = AppIcon;
				ASSETCATALOG_COMPILER_GLOBAL_ACCENT_COLOR_NAME = AccentColor;
				CODE_SIGN_STYLE = Automatic;
				CURRENT_PROJECT_VERSION = 1;
				DEVELOPMENT_ASSET_PATHS = "\"NutriSnap/Preview Content\"";
				DEVELOPMENT_TEAM = 8BC986QNWF;
				ENABLE_PREVIEWS = YES;
				GENERATE_INFOPLIST_FILE = YES;
				INFOPLIST_KEY_UIApplicationSceneManifest_Generation = YES;
				INFOPLIST_KEY_UIApplicationSupportsIndirectInputEvents = YES;
				INFOPLIST_KEY_UILaunchScreen_Generation = YES;
				INFOPLIST_KEY_UISupportedInterfaceOrientations_iPad = "UIInterfaceOrientationPortrait UIInterfaceOrientationPortraitUpsideDown UIInterfaceOrientationLandscapeLeft UIInterfaceOrientationLandscapeRight";
				INFOPLIST_KEY_UISupportedInterfaceOrientations_iPhone = "UIInterfaceOrientationPortrait UIInterfaceOrientationLandscapeLeft UIInterfaceOrientationLandscapeRight";
				LD_RUNPATH_SEARCH_PATHS = (
					"$(inherited)",
					"@executable_path/Frameworks",
				);
				MARKETING_VERSION = 1.0;
				PRODUCT_BUNDLE_IDENTIFIER = NutriSnap.NutriSnap;
				PRODUCT_NAME = "$(TARGET_NAME)";
				SWIFT_EMIT_LOC_STRINGS = YES;
				SWIFT_VERSION = 5.0;
				TARGETED_DEVICE_FAMILY = "1,2";
			};
			name = Debug;
		};
		11BF9E5C2D73A4C800CBDC8F /* Release */ = {
			isa = XCBuildConfiguration;
			buildSettings = {
				ASSETCATALOG_COMPILER_APPICON_NAME = AppIcon;
				ASSETCATALOG_COMPILER_GLOBAL_ACCENT_COLOR_NAME = AccentColor;
				CODE_SIGN_STYLE = Automatic;
				CURRENT_PROJECT_VERSION = 1;
				DEVELOPMENT_ASSET_PATHS = "\"NutriSnap/Preview Content\"";
				DEVELOPMENT_TEAM = 8BC986QNWF;
				ENABLE_PREVIEWS = YES;
				GENERATE_INFOPLIST_FILE = YES;
				INFOPLIST_KEY_UIApplicationSceneManifest_Generation = YES;
				INFOPLIST_KEY_UIApplicationSupportsIndirectInputEvents = YES;
				INFOPLIST_KEY_UILaunchScreen_Generation = YES;
				INFOPLIST_KEY_UISupportedInterfaceOrientations_iPad = "UIInterfaceOrientationPortrait UIInterfaceOrientationPortraitUpsideDown UIInterfaceOrientationLandscapeLeft UIInterfaceOrientationLandscapeRight";
				INFOPLIST_KEY_UISupportedInterfaceOrientations_iPhone = "UIInterfaceOrientationPortrait UIInterfaceOrientationLandscapeLeft UIInterfaceOrientationLandscapeRight";
				LD_RUNPATH_SEARCH_PATHS = (
					"$(inherited)",
					"@executable_path/Frameworks",
				);
				MARKETING_VERSION = 1.0;
				PRODUCT_BUNDLE_IDENTIFIER = NutriSnap.NutriSnap;
				PRODUCT_NAME = "$(TARGET_NAME)";
				SWIFT_EMIT_LOC_STRINGS = YES;
				SWIFT_VERSION = 5.0;
				TARGETED_DEVICE_FAMILY = "1,2";
			};
			name = Release;
		};
		11BF9E5E2D73A4C800CBDC8F /* Debug */ = {
			isa = XCBuildConfiguration;
			buildSettings = {
				BUNDLE_LOADER = "$(TEST_HOST)";
				CODE_SIGN_STYLE = Automatic;
				CURRENT_PROJECT_VERSION = 1;
				DEVELOPMENT_TEAM = 8BC986QNWF;
				GENERATE_INFOPLIST_FILE = YES;
				IPHONEOS_DEPLOYMENT_TARGET = 18.2;
				MARKETING_VERSION = 1.0;
				PRODUCT_BUNDLE_IDENTIFIER = NutriSnap.NutriSnapTests;
				PRODUCT_NAME = "$(TARGET_NAME)";
				SWIFT_EMIT_LOC_STRINGS = NO;
				SWIFT_VERSION = 5.0;
				TARGETED_DEVICE_FAMILY = "1,2";
				TEST_HOST = "$(BUILT_PRODUCTS_DIR)/NutriSnap.app/$(BUNDLE_EXECUTABLE_FOLDER_PATH)/NutriSnap";
			};
			name = Debug;
		};
		11BF9E5F2D73A4C800CBDC8F /* Release */ = {
			isa = XCBuildConfiguration;
			buildSettings = {
				BUNDLE_LOADER = "$(TEST_HOST)";
				CODE_SIGN_STYLE = Automatic;
				CURRENT_PROJECT_VERSION = 1;
				DEVELOPMENT_TEAM = 8BC986QNWF;
				GENERATE_INFOPLIST_FILE = YES;
				IPHONEOS_DEPLOYMENT_TARGET = 18.2;
				MARKETING_VERSION = 1.0;
				PRODUCT_BUNDLE_IDENTIFIER = NutriSnap.NutriSnapTests;
				PRODUCT_NAME = "$(TARGET_NAME)";
				SWIFT_EMIT_LOC_STRINGS = NO;
				SWIFT_VERSION = 5.0;
				TARGETED_DEVICE_FAMILY = "1,2";
				TEST_HOST = "$(BUILT_PRODUCTS_DIR)/NutriSnap.app/$(BUNDLE_EXECUTABLE_FOLDER_PATH)/NutriSnap";
			};
			name = Release;
		};
		11BF9E612D73A4C800CBDC8F /* Debug */ = {
			isa = XCBuildConfiguration;
			buildSettings = {
				CODE_SIGN_STYLE = Automatic;
				CURRENT_PROJECT_VERSION = 1;
				DEVELOPMENT_TEAM = 8BC986QNWF;
				GENERATE_INFOPLIST_FILE = YES;
				MARKETING_VERSION = 1.0;
				PRODUCT_BUNDLE_IDENTIFIER = NutriSnap.NutriSnapUITests;
				PRODUCT_NAME = "$(TARGET_NAME)";
				SWIFT_EMIT_LOC_STRINGS = NO;
				SWIFT_VERSION = 5.0;
				TARGETED_DEVICE_FAMILY = "1,2";
				TEST_TARGET_NAME = NutriSnap;
			};
			name = Debug;
		};
		11BF9E622D73A4C800CBDC8F /* Release */ = {
			isa = XCBuildConfiguration;
			buildSettings = {
				CODE_SIGN_STYLE = Automatic;
				CURRENT_PROJECT_VERSION = 1;
				DEVELOPMENT_TEAM = 8BC986QNWF;
				GENERATE_INFOPLIST_FILE = YES;
				MARKETING_VERSION = 1.0;
				PRODUCT_BUNDLE_IDENTIFIER = NutriSnap.NutriSnapUITests;
				PRODUCT_NAME = "$(TARGET_NAME)";
				SWIFT_EMIT_LOC_STRINGS = NO;
				SWIFT_VERSION = 5.0;
				TARGETED_DEVICE_FAMILY = "1,2";
				TEST_TARGET_NAME = NutriSnap;
			};
			name = Release;
		};
/* End XCBuildConfiguration section */

/* Begin XCConfigurationList section */
		11BF9E312D73A4C500CBDC8F /* Build configuration list for PBXProject "NutriSnap" */ = {
			isa = XCConfigurationList;
			buildConfigurations = (
				11BF9E582D73A4C800CBDC8F /* Debug */,
				11BF9E592D73A4C800CBDC8F /* Release */,
			);
			defaultConfigurationIsVisible = 0;
			defaultConfigurationName = Release;
		};
		11BF9E5A2D73A4C800CBDC8F /* Build configuration list for PBXNativeTarget "NutriSnap" */ = {
			isa = XCConfigurationList;
			buildConfigurations = (
				11BF9E5B2D73A4C800CBDC8F /* Debug */,
				11BF9E5C2D73A4C800CBDC8F /* Release */,
			);
			defaultConfigurationIsVisible = 0;
			defaultConfigurationName = Release;
		};
		11BF9E5D2D73A4C800CBDC8F /* Build configuration list for PBXNativeTarget "NutriSnapTests" */ = {
			isa = XCConfigurationList;
			buildConfigurations = (
				11BF9E5E2D73A4C800CBDC8F /* Debug */,
				11BF9E5F2D73A4C800CBDC8F /* Release */,
			);
			defaultConfigurationIsVisible = 0;
			defaultConfigurationName = Release;
		};
		11BF9E602D73A4C800CBDC8F /* Build configuration list for PBXNativeTarget "NutriSnapUITests" */ = {
			isa = XCConfigurationList;
			buildConfigurations = (
				11BF9E612D73A4C800CBDC8F /* Debug */,
				11BF9E622D73A4C800CBDC8F /* Release */,
			);
			defaultConfigurationIsVisible = 0;
			defaultConfigurationName = Release;
		};
/* End XCConfigurationList section */
	};
	rootObject = 11BF9E2E2D73A4C500CBDC8F /* Project object */;
}
